// !$*UTF8*$!
{
	archiveVersion = 1;
	classes = {
	};
	objectVersion = 48;
	objects = {

/* Begin PBXBuildFile section */
		4F9AED521FF6341A00134376 /* AppDelegate.m in Sources */ = {isa = PBXBuildFile; fileRef = 4F9AED511FF6341A00134376 /* AppDelegate.m */; };
		4F9AED551FF6341A00134376 /* ViewController.m in Sources */ = {isa = PBXBuildFile; fileRef = 4F9AED541FF6341A00134376 /* ViewController.m */; };
		4F9AED581FF6341A00134376 /* Main.storyboard in Resources */ = {isa = PBXBuildFile; fileRef = 4F9AED561FF6341A00134376 /* Main.storyboard */; };
		4F9AED5A1FF6341A00134376 /* Assets.xcassets in Resources */ = {isa = PBXBuildFile; fileRef = 4F9AED591FF6341A00134376 /* Assets.xcassets */; };
		4F9AED5D1FF6341A00134376 /* LaunchScreen.storyboard in Resources */ = {isa = PBXBuildFile; fileRef = 4F9AED5B1FF6341A00134376 /* LaunchScreen.storyboard */; };
		4F9AED601FF6341A00134376 /* main.m in Sources */ = {isa = PBXBuildFile; fileRef = 4F9AED5F1FF6341A00134376 /* main.m */; };
/* End PBXBuildFile section */

/* Begin PBXFileReference section */
		4F9AED4D1FF6341900134376 /* MyLibRespository.app */ = {isa = PBXFileReference; explicitFileType = wrapper.application; includeInIndex = 0; path = MyLibRespository.app; sourceTree = BUILT_PRODUCTS_DIR; };
		4F9AED501FF6341A00134376 /* AppDelegate.h */ = {isa = PBXFileReference; lastKnownFileType = sourcecode.c.h; path = AppDelegate.h; sourceTree = "<group>"; };
		4F9AED511FF6341A00134376 /* AppDelegate.m */ = {isa = PBXFileReference; lastKnownFileType = sourcecode.c.objc; path = AppDelegate.m; sourceTree = "<group>"; };
		4F9AED531FF6341A00134376 /* ViewController.h */ = {isa = PBXFileReference; lastKnownFileType = sourcecode.c.h; path = ViewController.h; sourceTree = "<group>"; };
		4F9AED541FF6341A00134376 /* ViewController.m */ = {isa = PBXFileReference; lastKnownFileType = sourcecode.c.objc; path = ViewController.m; sourceTree = "<group>"; };
		4F9AED571FF6341A00134376 /* Base */ = {isa = PBXFileReference; lastKnownFileType = file.storyboard; name = Base; path = Base.lproj/Main.storyboard; sourceTree = "<group>"; };
		4F9AED591FF6341A00134376 /* Assets.xcassets */ = {isa = PBXFileReference; lastKnownFileType = folder.assetcatalog; path = Assets.xcassets; sourceTree = "<group>"; };
		4F9AED5C1FF6341A00134376 /* Base */ = {isa = PBXFileReference; lastKnownFileType = file.storyboard; name = Base; path = Base.lproj/LaunchScreen.storyboard; sourceTree = "<group>"; };
		4F9AED5E1FF6341A00134376 /* Info.plist */ = {isa = PBXFileReference; lastKnownFileType = text.plist.xml; path = Info.plist; sourceTree = "<group>"; };
		4F9AED5F1FF6341A00134376 /* main.m */ = {isa = PBXFileReference; lastKnownFileType = sourcecode.c.objc; path = main.m; sourceTree = "<group>"; };
/* End PBXFileReference section */

/* Begin PBXFrameworksBuildPhase section */
		4F9AED4A1FF6341900134376 /* Frameworks */ = {
			isa = PBXFrameworksBuildPhase;
			buildActionMask = 2147483647;
			files = (
			);
			runOnlyForDeploymentPostprocessing = 0;
		};
/* End PBXFrameworksBuildPhase section */

/* Begin PBXGroup section */
		4F9AED441FF6341900134376 = {
			isa = PBXGroup;
			children = (
				4F9AED4F1FF6341A00134376 /* MyLibRespository */,
				4F9AED4E1FF6341900134376 /* Products */,
			);
			sourceTree = "<group>";
		};
		4F9AED4E1FF6341900134376 /* Products */ = {
			isa = PBXGroup;
			children = (
				4F9AED4D1FF6341900134376 /* MyLibRespository.app */,
			);
			name = Products;
			sourceTree = "<group>";
		};
		4F9AED4F1FF6341A00134376 /* MyLibRespository */ = {
			isa = PBXGroup;
			children = (
				4F9AED501FF6341A00134376 /* AppDelegate.h */,
				4F9AED511FF6341A00134376 /* AppDelegate.m */,
				4F9AED531FF6341A00134376 /* ViewController.h */,
				4F9AED541FF6341A00134376 /* ViewController.m */,
				4F9AED561FF6341A00134376 /* Main.storyboard */,
				4F9AED591FF6341A00134376 /* Assets.xcassets */,
				4F9AED5B1FF6341A00134376 /* LaunchScreen.storyboard */,
				4F9AED5E1FF6341A00134376 /* Info.plist */,
				4F9AED5F1FF6341A00134376 /* main.m */,
			);
			path = MyLibRespository;
			sourceTree = "<group>";
		};
/* End PBXGroup section */

/* Begin PBXNativeTarget section */
		4F9AED4C1FF6341900134376 /* MyLibRespository */ = {
			isa = PBXNativeTarget;
			buildConfigurationList = 4F9AED631FF6341A00134376 /* Build configuration list for PBXNativeTarget "MyLibRespository" */;
			buildPhases = (
				4F9AED491FF6341900134376 /* Sources */,
				4F9AED4A1FF6341900134376 /* Frameworks */,
				4F9AED4B1FF6341900134376 /* Resources */,
			);
			buildRules = (
			);
			dependencies = (
			);
			name = MyLibRespository;
			productName = MyLibRespository;
			productReference = 4F9AED4D1FF6341900134376 /* MyLibRespository.app */;
			productType = "com.apple.product-type.application";
		};
/* End PBXNativeTarget section */

/* Begin PBXProject section */
		4F9AED451FF6341900134376 /* Project object */ = {
			isa = PBXProject;
			attributes = {
				LastUpgradeCheck = 0920;
				ORGANIZATIONNAME = Deyi;
				TargetAttributes = {
					4F9AED4C1FF6341900134376 = {
						CreatedOnToolsVersion = 9.2;
						ProvisioningStyle = Automatic;
					};
				};
			};
			buildConfigurationList = 4F9AED481FF6341900134376 /* Build configuration list for PBXProject "MyLibRespository" */;
			compatibilityVersion = "Xcode 8.0";
			developmentRegion = en;
			hasScannedForEncodings = 0;
			knownRegions = (
				en,
				Base,
			);
			mainGroup = 4F9AED441FF6341900134376;
			productRefGroup = 4F9AED4E1FF6341900134376 /* Products */;
			projectDirPath = "";
			projectRoot = "";
			targets = (
				4F9AED4C1FF6341900134376 /* MyLibRespository */,
			);
		};
/* End PBXProject section */

/* Begin PBXResourcesBuildPhase section */
		4F9AED4B1FF6341900134376 /* Resources */ = {
			isa = PBXResourcesBuildPhase;
			buildActionMask = 2147483647;
			files = (
				4F9AED5D1FF6341A00134376 /* LaunchScreen.storyboard in Resources */,
				4F9AED5A1FF6341A00134376 /* Assets.xcassets in Resources */,
				4F9AED581FF6341A00134376 /* Main.storyboard in Resources */,
			);
			runOnlyForDeploymentPostprocessing = 0;
		};
/* End PBXResourcesBuildPhase section */

/* Begin PBXSourcesBuildPhase section */
		4F9AED491FF6341900134376 /* Sources */ = {
			isa = PBXSourcesBuildPhase;
			buildActionMask = 2147483647;
			files = (
				4F9AED551FF6341A00134376 /* ViewController.m in Sources */,
				4F9AED601FF6341A00134376 /* main.m in Sources */,
				4F9AED521FF6341A00134376 /* AppDelegate.m in Sources */,
			);
			runOnlyForDeploymentPostprocessing = 0;
		};
/* End PBXSourcesBuildPhase section */

/* Begin PBXVariantGroup section */
		4F9AED561FF6341A00134376 /* Main.storyboard */ = {
			isa = PBXVariantGroup;
			children = (
				4F9AED571FF6341A00134376 /* Base */,
			);
			name = Main.storyboard;
			sourceTree = "<group>";
		};
		4F9AED5B1FF6341A00134376 /* LaunchScreen.storyboard */ = {
			isa = PBXVariantGroup;
			children = (
				4F9AED5C1FF6341A00134376 /* Base */,
			);
			name = LaunchScreen.storyboard;
			sourceTree = "<group>";
		};
/* End PBXVariantGroup section */

/* Begin XCBuildConfiguration section */
		4F9AED611FF6341A00134376 /* Debug */ = {
			isa = XCBuildConfiguration;
			buildSettings = {
				ALWAYS_SEARCH_USER_PATHS = NO;
				CLANG_ANALYZER_NONNULL = YES;
				CLANG_ANALYZER_NUMBER_OBJECT_CONVERSION = YES_AGGRESSIVE;
				CLANG_CXX_LANGUAGE_STANDARD = "gnu++14";
				CLANG_CXX_LIBRARY = "libc++";
				CLANG_ENABLE_MODULES = YES;
				CLANG_ENABLE_OBJC_ARC = YES;
				CLANG_WARN_BLOCK_CAPTURE_AUTORELEASING = YES;
				CLANG_WARN_BOOL_CONVERSION = YES;
				CLANG_WARN_COMMA = YES;
				CLANG_WARN_CONSTANT_CONVERSION = YES;
				CLANG_WARN_DIRECT_OBJC_ISA_USAGE = YES_ERROR;
				CLANG_WARN_DOCUMENTATION_COMMENTS = YES;
				CLANG_WARN_EMPTY_BODY = YES;
				CLANG_WARN_ENUM_CONVERSION = YES;
				CLANG_WARN_INFINITE_RECURSION = YES;
				CLANG_WARN_INT_CONVERSION = YES;
				CLANG_WARN_NON_LITERAL_NULL_CONVERSION = YES;
				CLANG_WARN_OBJC_LITERAL_CONVERSION = YES;
				CLANG_WARN_OBJC_ROOT_CLASS = YES_ERROR;
				CLANG_WARN_RANGE_LOOP_ANALYSIS = YES;
				CLANG_WARN_STRICT_PROTOTYPES = YES;
				CLANG_WARN_SUSPICIOUS_MOVE = YES;
				CLANG_WARN_UNGUARDED_AVAILABILITY = YES_AGGRESSIVE;
				CLANG_WARN_UNREACHABLE_CODE = YES;
				CLANG_WARN__DUPLICATE_METHOD_MATCH = YES;
				CODE_SIGN_IDENTITY = "iPhone Developer";
				COPY_PHASE_STRIP = NO;
				DEBUG_INFORMATION_FORMAT = dwarf;
				ENABLE_STRICT_OBJC_MSGSEND = YES;
				ENABLE_TESTABILITY = YES;
				GCC_C_LANGUAGE_STANDARD = gnu11;
				GCC_DYNAMIC_NO_PIC = NO;
				GCC_NO_COMMON_BLOCKS = YES;
				GCC_OPTIMIZATION_LEVEL = 0;
				GCC_PREPROCESSOR_DEFINITIONS = (
					"DEBUG=1",
					"$(inherited)",
				);
				GCC_WARN_64_TO_32_BIT_CONVERSION = YES;
				GCC_WARN_ABOUT_RETURN_TYPE = YES_ERROR;
				GCC_WARN_UNDECLARED_SELECTOR = YES;
				GCC_WARN_UNINITIALIZED_AUTOS = YES_AGGRESSIVE;
				GCC_WARN_UNUSED_FUNCTION = YES;
				GCC_WARN_UNUSED_VARIABLE = YES;
				IPHONEOS_DEPLOYMENT_TARGET = 11.2;
				MTL_ENABLE_DEBUG_INFO = YES;
				ONLY_ACTIVE_ARCH = YES;
				SDKROOT = iphoneos;
			};
			name = Debug;
		};
		4F9AED621FF6341A00134376 /* Release */ = {
			isa = XCBuildConfiguration;
			buildSettings = {
				ALWAYS_SEARCH_USER_PATHS = NO;
				CLANG_ANALYZER_NONNULL = YES;
				CLANG_ANALYZER_NUMBER_OBJECT_CONVERSION = YES_AGGRESSIVE;
				CLANG_CXX_LANGUAGE_STANDARD = "gnu++14";
				CLANG_CXX_LIBRARY = "libc++";
				CLANG_ENABLE_MODULES = YES;
				CLANG_ENABLE_OBJC_ARC = YES;
				CLANG_WARN_BLOCK_CAPTURE_AUTORELEASING = YES;
				CLANG_WARN_BOOL_CONVERSION = YES;
				CLANG_WARN_COMMA = YES;
				CLANG_WARN_CONSTANT_CONVERSION = YES;
				CLANG_WARN_DIRECT_OBJC_ISA_USAGE = YES_ERROR;
				CLANG_WARN_DOCUMENTATION_COMMENTS = YES;
				CLANG_WARN_EMPTY_BODY = YES;
				CLANG_WARN_ENUM_CONVERSION = YES;
				CLANG_WARN_INFINITE_RECURSION = YES;
				CLANG_WARN_INT_CONVERSION = YES;
				CLANG_WARN_NON_LITERAL_NULL_CONVERSION = YES;
				CLANG_WARN_OBJC_LITERAL_CONVERSION = YES;
				CLANG_WARN_OBJC_ROOT_CLASS = YES_ERROR;
				CLANG_WARN_RANGE_LOOP_ANALYSIS = YES;
				CLANG_WARN_STRICT_PROTOTYPES = YES;
				CLANG_WARN_SUSPICIOUS_MOVE = YES;
				CLANG_WARN_UNGUARDED_AVAILABILITY = YES_AGGRESSIVE;
				CLANG_WARN_UNREACHABLE_CODE = YES;
				CLANG_WARN__DUPLICATE_METHOD_MATCH = YES;
				CODE_SIGN_IDENTITY = "iPhone Developer";
				COPY_PHASE_STRIP = NO;
				DEBUG_INFORMATION_FORMAT = "dwarf-with-dsym";
				ENABLE_NS_ASSERTIONS = NO;
				ENABLE_STRICT_OBJC_MSGSEND = YES;
				GCC_C_LANGUAGE_STANDARD = gnu11;
				GCC_NO_COMMON_BLOCKS = YES;
				GCC_WARN_64_TO_32_BIT_CONVERSION = YES;
				GCC_WARN_ABOUT_RETURN_TYPE = YES_ERROR;
				GCC_WARN_UNDECLARED_SELECTOR = YES;
				GCC_WARN_UNINITIALIZED_AUTOS = YES_AGGRESSIVE;
				GCC_WARN_UNUSED_FUNCTION = YES;
				GCC_WARN_UNUSED_VARIABLE = YES;
				IPHONEOS_DEPLOYMENT_TARGET = 11.2;
				MTL_ENABLE_DEBUG_INFO = NO;
				SDKROOT = iphoneos;
				VALIDATE_PRODUCT = YES;
			};
			name = Release;
		};
		4F9AED641FF6341A00134376 /* Debug */ = {
			isa = XCBuildConfiguration;
			buildSettings = {
				ASSETCATALOG_COMPILER_APPICON_NAME = AppIcon;
				CODE_SIGN_STYLE = Automatic;
				DEVELOPMENT_TEAM = 7724H835AR;
				INFOPLIST_FILE = MyLibRespository/Info.plist;
				LD_RUNPATH_SEARCH_PATHS = "$(inherited) @executable_path/Frameworks";
				PRODUCT_BUNDLE_IDENTIFIER = com.Deyi.MyLibRespository;
				PRODUCT_NAME = "$(TARGET_NAME)";
				TARGETED_DEVICE_FAMILY = "1,2";
			};
			name = Debug;
		};
		4F9AED651FF6341A00134376 /* Release */ = {
			isa = XCBuildConfiguration;
			buildSettings = {
				ASSETCATALOG_COMPILER_APPICON_NAME = AppIcon;
				CODE_SIGN_STYLE = Automatic;
				DEVELOPMENT_TEAM = 7724H835AR;
				INFOPLIST_FILE = MyLibRespository/Info.plist;
				LD_RUNPATH_SEARCH_PATHS = "$(inherited) @executable_path/Frameworks";
				PRODUCT_BUNDLE_IDENTIFIER = com.Deyi.MyLibRespository;
				PRODUCT_NAME = "$(TARGET_NAME)";
				TARGETED_DEVICE_FAMILY = "1,2";
			};
			name = Release;
		};
/* End XCBuildConfiguration section */

/* Begin XCConfigurationList section */
		4F9AED481FF6341900134376 /* Build configuration list for PBXProject "MyLibRespository" */ = {
			isa = XCConfigurationList;
			buildConfigurations = (
				4F9AED611FF6341A00134376 /* Debug */,
				4F9AED621FF6341A00134376 /* Release */,
			);
			defaultConfigurationIsVisible = 0;
			defaultConfigurationName = Release;
		};
		4F9AED631FF6341A00134376 /* Build configuration list for PBXNativeTarget "MyLibRespository" */ = {
			isa = XCConfigurationList;
			buildConfigurations = (
				4F9AED641FF6341A00134376 /* Debug */,
				4F9AED651FF6341A00134376 /* Release */,
			);
			defaultConfigurationIsVisible = 0;
			defaultConfigurationName = Release;
		};
/* End XCConfigurationList section */
	};
	rootObject = 4F9AED451FF6341900134376 /* Project object */;
}
